<?xml version="1.0" encoding="utf-8"?>
<Project ToolsVersion="4.0" xmlns="http://schemas.microsoft.com/developer/msbuild/2003">
  <ItemGroup>
    <ClCompile Include="src\ofApp.cpp">
      <Filter>src</Filter>
    </ClCompile>
    <ClCompile Include="src\main.cpp">
      <Filter>src</Filter>
    </ClCompile>
    <ClCompile Include="src\Graph\GraphNode.cpp">
      <Filter>src\Graph</Filter>
    </ClCompile>
    <ClCompile Include="src\Graph\GraphEdge.cpp">
      <Filter>src\Graph</Filter>
    </ClCompile>
    <ClCompile Include="src\Graph\Graph.cpp">
      <Filter>src\Graph</Filter>
    </ClCompile>
  </ItemGroup>
  <ItemGroup>
    <Filter Include="src">
      <UniqueIdentifier>{d8376475-7454-4a24-b08a-aac121d3ad6f}</UniqueIdentifier>
    </Filter>
    <Filter Include="addons">
      <UniqueIdentifier>{40164c0b-db5c-4e79-8cfc-2ab4ce657a06}</UniqueIdentifier>
    </Filter>
    <Filter Include="src\Graph">
      <UniqueIdentifier>{b3120096-b7d7-44fa-98ff-f41158687a2f}</UniqueIdentifier>
    </Filter>
  </ItemGroup>
  <ItemGroup>
    <ClInclude Include="src\ofApp.h">
      <Filter>src</Filter>
    </ClInclude>
    <ClInclude Include="src\Graph\GraphNode.h">
      <Filter>src\Graph</Filter>
    </ClInclude>
    <ClInclude Include="src\Graph\GraphEdge.h">
      <Filter>src\Graph</Filter>
    </ClInclude>
    <ClInclude Include="src\Graph\Graph.h">
      <Filter>src\Graph</Filter>
    </ClInclude>
  </ItemGroup>
  <ItemGroup>
    <ResourceCompile Include="icon.rc" />
  </ItemGroup>
</Project>